{
  "requires": true,
  "lockfileVersion": 1,
  "dependencies": {
    "@patternfly/pfe-card": {
      "version": "1.7.0",
      "resolved": "https://registry.npmjs.org/@patternfly/pfe-card/-/pfe-card-1.7.0.tgz",
      "integrity": "sha512-cE426+mtSQ7DfEYxJl/5IoGfNz5QdLiBIMGHpbRM0j+QYcR1DYdW1QTiBLNISN35dCCxn2e4Wj7o/RevgNp0TQ==",
      "requires": {
        "@patternfly/pfelement": "^1.7.0"
      }
    },
    "@patternfly/pfe-cta": {
      "version": "1.7.0",
      "resolved": "https://registry.npmjs.org/@patternfly/pfe-cta/-/pfe-cta-1.7.0.tgz",
      "integrity": "sha512-PXMJa4JRHx+mNybdTzwlx61ebkjs3+zgEEQEByuBNap30/O8fWBlyAO0Gsq8qLLNVUir+42xI630hklsNeqURQ==",
      "requires": {
        "@patternfly/pfelement": "^1.7.0"
      }
    },
    "@patternfly/pfe-icon": {
      "version": "1.7.0",
      "resolved": "https://registry.npmjs.org/@patternfly/pfe-icon/-/pfe-icon-1.7.0.tgz",
      "integrity": "sha512-vB62Uy4/JVMMfzQsIngcXYRKmJdQuyTasJNhg0Onf6+hAuv0fnr481VJjjIUKQDz9IQfYKYDgiyixIm4mvOOfQ==",
      "requires": {
        "@patternfly/pfelement": "^1.7.0"
      }
    },
    "@patternfly/pfe-navigation": {
      "version": "1.7.0",
      "resolved": "https://registry.npmjs.org/@patternfly/pfe-navigation/-/pfe-navigation-1.7.0.tgz",
      "integrity": "sha512-jRpwCLR+TqQSwast7ciu5cfJoOSBDO6or4loYU7XOQnso+sNXAUXAgP2bKINqTGWx7OfOcpEBIwN57F1BIa1qA==",
      "requires": {
        "@patternfly/pfe-icon": "^1.7.0",
        "@patternfly/pfe-styles": "^1.7.0",
        "@patternfly/pfelement": "^1.7.0"
      }
    },
    "@patternfly/pfe-styles": {
      "version": "1.7.0",
      "resolved": "https://registry.npmjs.org/@patternfly/pfe-styles/-/pfe-styles-1.7.0.tgz",
      "integrity": "sha512-XiJwza+skMA4ua4h9wgpu0igijUt8Wv5rPa0aBNG6p5qveiwmo0vPvvytqBqncT7BOdfDeW124rUEFuZpsHckg=="
    },
    "@patternfly/pfelement": {
      "version": "1.7.0",
      "resolved": "https://registry.npmjs.org/@patternfly/pfelement/-/pfelement-1.7.0.tgz",
      "integrity": "sha512-v6M2sPqw5sXTV+tL2bp5plpd2uuZ29Z4CTGd952z7scUDGHQJBaqzafbnEZIoOS/nuJsPjjE6U+1aUCYEpar8Q=="
    },
    "@webcomponents/custom-elements": {
      "version": "1.4.3",
      "resolved": "https://registry.npmjs.org/@webcomponents/custom-elements/-/custom-elements-1.4.3.tgz",
      "integrity": "sha512-iD0YW46SreUQANGccywK/eC+gZELNHocZZrY2fGwrIlx/biQOTkAF9IohisibHbrmIHmA9pVCIdGwzfO+W0gig=="
    },
    "@webcomponents/webcomponentsjs": {
      "version": "2.5.0",
      "resolved": "https://registry.npmjs.org/@webcomponents/webcomponentsjs/-/webcomponentsjs-2.5.0.tgz",
      "integrity": "sha512-C0l51MWQZ9kLzcxOZtniOMohpIFdCLZum7/TEHv3XWFc1Fvt5HCpbSX84x8ltka/JuNKcuiDnxXFkiB2gaePcg=="
    }
  }
}
